
Microsoft Visual Studio Solution File, Format Version 12.00
# Visual Studio Version 16
VisualStudioVersion = 16.0.29920.165
MinimumVisualStudioVersion = 10.0.40219.1
Project("{8BC9CEB8-8B4A-11D0-8D11-00A0C91BC942}") = "AlienIsolation.NodeDebugFunctionDumper", "AlienIsolation.NodeDebugFunctionDumper.vcxproj", "{48EF6F19-4D5E-4620-A2EE-50BA708E8694}"
EndProject
Global
	GlobalSection(SolutionConfigurationPlatforms) = preSolution
		Debug|x64 = Debug|x64
		Debug|x86 = Debug|x86
		Release|x64 = Release|x64
		Release|x86 = Release|x86
	EndGlobalSection
	GlobalSection(ProjectConfigurationPlatforms) = postSolution
		{48EF6F19-4D5E-4620-A2EE-50BA708E8694}.Debug|x64.ActiveCfg = Debug|x64
		{48EF6F19-4D5E-4620-A2EE-50BA708E8694}.Debug|x64.Build.0 = Debug|x64
		{48EF6F19-4D5E-4620-A2EE-50BA708E8694}.Debug|x86.ActiveCfg = Debug|Win32
		{48EF6F19-4D5E-4620-A2EE-50BA708E8694}.Debug|x86.Build.0 = Debug|Win32
		{48EF6F19-4D5E-4620-A2EE-50BA708E8694}.Release|x64.ActiveCfg = Release|x64
		{48EF6F19-4D5E-4620-A2EE-50BA708E8694}.Release|x64.Build.0 = Release|x64
		{48EF6F19-4D5E-4620-A2EE-50BA708E8694}.Release|x86.ActiveCfg = Release|Win32
		{48EF6F19-4D5E-4620-A2EE-50BA708E8694}.Release|x86.Build.0 = Release|Win32
	EndGlobalSection
	GlobalSection(SolutionProperties) = preSolution
		HideSolutionNode = FALSE
	EndGlobalSection
	GlobalSection(ExtensibilityGlobals) = postSolution
		SolutionGuid = {DC1B169B-6BC5-4133-B354-F5C3CB09342B}
	EndGlobalSection
EndGlobal
